// !$*UTF8*$!
{
	archiveVersion = 1;
	classes = {
	};
	objectVersion = 46;
	objects = {

/* Begin PBXBuildFile section */
		2C154EBD220DA3D40054D26C /* Logger.swift in Sources */ = {isa = PBXBuildFile; fileRef = 2C154EBC220DA3D40054D26C /* Logger.swift */; };
		2C6320CD221043230039A82E /* CollectionViewController.swift in Sources */ = {isa = PBXBuildFile; fileRef = 2C6320CC221043230039A82E /* CollectionViewController.swift */; };
		2C6320CF22104A160039A82E /* CollectionViewCell.swift in Sources */ = {isa = PBXBuildFile; fileRef = 2C6320CE22104A160039A82E /* CollectionViewCell.swift */; };
		2C6320DF221084F00039A82E /* ItemModelTest.swift in Sources */ = {isa = PBXBuildFile; fileRef = 2C6320DE221084F00039A82E /* ItemModelTest.swift */; };
		2C6320E122108CCB0039A82E /* ItemDetailsModelTest.swift in Sources */ = {isa = PBXBuildFile; fileRef = 2C6320E022108CCB0039A82E /* ItemDetailsModelTest.swift */; };
		2C6320E322108DD20039A82E /* NetworkingManagerTest.swift in Sources */ = {isa = PBXBuildFile; fileRef = 2C6320E222108DD20039A82E /* NetworkingManagerTest.swift */; };
		2C6320F422109AA70039A82E /* TableViewControllerTest.swift in Sources */ = {isa = PBXBuildFile; fileRef = 2C6320E4221098660039A82E /* TableViewControllerTest.swift */; };
		2C6320F62210A2500039A82E /* CollectionViewControllerTest.swift in Sources */ = {isa = PBXBuildFile; fileRef = 2C6320F52210A2500039A82E /* CollectionViewControllerTest.swift */; };
		2C6320FE2210C3350039A82E /* SpyNetworkingManagerDelegate.swift in Sources */ = {isa = PBXBuildFile; fileRef = 2C6320FB2210C2D60039A82E /* SpyNetworkingManagerDelegate.swift */; };
		A4802C381D8ACB320032AF25 /* AppDelegate.swift in Sources */ = {isa = PBXBuildFile; fileRef = A4802C321D8ACB320032AF25 /* AppDelegate.swift */; };
		A4802C391D8ACB320032AF25 /* Main.storyboard in Resources */ = {isa = PBXBuildFile; fileRef = A4802C331D8ACB320032AF25 /* Main.storyboard */; };
		A4802C3A1D8ACB320032AF25 /* Assets.xcassets in Resources */ = {isa = PBXBuildFile; fileRef = A4802C341D8ACB320032AF25 /* Assets.xcassets */; };
		A4802C3B1D8ACB320032AF25 /* LaunchScreen.storyboard in Resources */ = {isa = PBXBuildFile; fileRef = A4802C351D8ACB320032AF25 /* LaunchScreen.storyboard */; };
		A4802C3C1D8ACB320032AF25 /* TableViewController.swift in Sources */ = {isa = PBXBuildFile; fileRef = A4802C361D8ACB320032AF25 /* TableViewController.swift */; };
		A4802C3D1D8ACB320032AF25 /* DetailsViewController.swift in Sources */ = {isa = PBXBuildFile; fileRef = A4802C371D8ACB320032AF25 /* DetailsViewController.swift */; };
		A4802C461D8ACB7B0032AF25 /* Items.json in Resources */ = {isa = PBXBuildFile; fileRef = A4802C401D8ACB7B0032AF25 /* Items.json */; };
		A4802C471D8ACB7B0032AF25 /* Item1.json in Resources */ = {isa = PBXBuildFile; fileRef = A4802C411D8ACB7B0032AF25 /* Item1.json */; };
		A4802C481D8ACB7B0032AF25 /* Item2.json in Resources */ = {isa = PBXBuildFile; fileRef = A4802C421D8ACB7B0032AF25 /* Item2.json */; };
		A4802C491D8ACB7B0032AF25 /* Item3.json in Resources */ = {isa = PBXBuildFile; fileRef = A4802C431D8ACB7B0032AF25 /* Item3.json */; };
		A4802C4A1D8ACB7B0032AF25 /* Item4.json in Resources */ = {isa = PBXBuildFile; fileRef = A4802C441D8ACB7B0032AF25 /* Item4.json */; };
		A4802C4B1D8ACB7B0032AF25 /* Item5.json in Resources */ = {isa = PBXBuildFile; fileRef = A4802C451D8ACB7B0032AF25 /* Item5.json */; };
		A4802C501D8ACB840032AF25 /* ItemModel.swift in Sources */ = {isa = PBXBuildFile; fileRef = A4802C4C1D8ACB840032AF25 /* ItemModel.swift */; };
		A4802C511D8ACB840032AF25 /* JSONParser.swift in Sources */ = {isa = PBXBuildFile; fileRef = A4802C4D1D8ACB840032AF25 /* JSONParser.swift */; };
		A4802C521D8ACB840032AF25 /* NetworkingManager.swift in Sources */ = {isa = PBXBuildFile; fileRef = A4802C4E1D8ACB840032AF25 /* NetworkingManager.swift */; };
		A4802C531D8ACB840032AF25 /* ItemDetailsModel.swift in Sources */ = {isa = PBXBuildFile; fileRef = A4802C4F1D8ACB840032AF25 /* ItemDetailsModel.swift */; };
/* End PBXBuildFile section */

/* Begin PBXContainerItemProxy section */
		2C6320D92210848C0039A82E /* PBXContainerItemProxy */ = {
			isa = PBXContainerItemProxy;
			containerPortal = A4802C131D8ACA5F0032AF25 /* Project object */;
			proxyType = 1;
			remoteGlobalIDString = A4802C1A1D8ACA5F0032AF25;
			remoteInfo = "Recruitment-iOS";
		};
		2C6320EF22109A9F0039A82E /* PBXContainerItemProxy */ = {
			isa = PBXContainerItemProxy;
			containerPortal = A4802C131D8ACA5F0032AF25 /* Project object */;
			proxyType = 1;
			remoteGlobalIDString = A4802C1A1D8ACA5F0032AF25;
			remoteInfo = "Recruitment-iOS";
		};
/* End PBXContainerItemProxy section */

/* Begin PBXFileReference section */
		2C154EBC220DA3D40054D26C /* Logger.swift */ = {isa = PBXFileReference; lastKnownFileType = sourcecode.swift; path = Logger.swift; sourceTree = "<group>"; };
		2C6320CC221043230039A82E /* CollectionViewController.swift */ = {isa = PBXFileReference; lastKnownFileType = sourcecode.swift; path = CollectionViewController.swift; sourceTree = "<group>"; };
		2C6320CE22104A160039A82E /* CollectionViewCell.swift */ = {isa = PBXFileReference; lastKnownFileType = sourcecode.swift; path = CollectionViewCell.swift; sourceTree = "<group>"; };
		2C6320D42210848C0039A82E /* Recruitment-iOSTests.xctest */ = {isa = PBXFileReference; explicitFileType = wrapper.cfbundle; includeInIndex = 0; path = "Recruitment-iOSTests.xctest"; sourceTree = BUILT_PRODUCTS_DIR; };
		2C6320D82210848C0039A82E /* Info.plist */ = {isa = PBXFileReference; lastKnownFileType = text.plist.xml; path = Info.plist; sourceTree = "<group>"; };
		2C6320DE221084F00039A82E /* ItemModelTest.swift */ = {isa = PBXFileReference; lastKnownFileType = sourcecode.swift; path = ItemModelTest.swift; sourceTree = "<group>"; };
		2C6320E022108CCB0039A82E /* ItemDetailsModelTest.swift */ = {isa = PBXFileReference; lastKnownFileType = sourcecode.swift; path = ItemDetailsModelTest.swift; sourceTree = "<group>"; };
		2C6320E222108DD20039A82E /* NetworkingManagerTest.swift */ = {isa = PBXFileReference; lastKnownFileType = sourcecode.swift; path = NetworkingManagerTest.swift; sourceTree = "<group>"; };
		2C6320E4221098660039A82E /* TableViewControllerTest.swift */ = {isa = PBXFileReference; lastKnownFileType = sourcecode.swift; path = TableViewControllerTest.swift; sourceTree = "<group>"; };
		2C6320EA22109A9F0039A82E /* Recruitment-iOSUITests.xctest */ = {isa = PBXFileReference; explicitFileType = wrapper.cfbundle; includeInIndex = 0; path = "Recruitment-iOSUITests.xctest"; sourceTree = BUILT_PRODUCTS_DIR; };
		2C6320EE22109A9F0039A82E /* Info.plist */ = {isa = PBXFileReference; lastKnownFileType = text.plist.xml; path = Info.plist; sourceTree = "<group>"; };
		2C6320F52210A2500039A82E /* CollectionViewControllerTest.swift */ = {isa = PBXFileReference; lastKnownFileType = sourcecode.swift; path = CollectionViewControllerTest.swift; sourceTree = "<group>"; };
		2C6320FB2210C2D60039A82E /* SpyNetworkingManagerDelegate.swift */ = {isa = PBXFileReference; lastKnownFileType = sourcecode.swift; path = SpyNetworkingManagerDelegate.swift; sourceTree = "<group>"; };
		A4802C1B1D8ACA5F0032AF25 /* Recruitment-iOS.app */ = {isa = PBXFileReference; explicitFileType = wrapper.application; includeInIndex = 0; path = "Recruitment-iOS.app"; sourceTree = BUILT_PRODUCTS_DIR; };
		A4802C2A1D8ACA5F0032AF25 /* Info.plist */ = {isa = PBXFileReference; lastKnownFileType = text.plist.xml; path = Info.plist; sourceTree = "<group>"; };
		A4802C321D8ACB320032AF25 /* AppDelegate.swift */ = {isa = PBXFileReference; fileEncoding = 4; lastKnownFileType = sourcecode.swift; path = AppDelegate.swift; sourceTree = "<group>"; };
		A4802C331D8ACB320032AF25 /* Main.storyboard */ = {isa = PBXFileReference; fileEncoding = 4; lastKnownFileType = file.storyboard; path = Main.storyboard; sourceTree = "<group>"; };
		A4802C341D8ACB320032AF25 /* Assets.xcassets */ = {isa = PBXFileReference; lastKnownFileType = folder.assetcatalog; path = Assets.xcassets; sourceTree = "<group>"; };
		A4802C351D8ACB320032AF25 /* LaunchScreen.storyboard */ = {isa = PBXFileReference; fileEncoding = 4; lastKnownFileType = file.storyboard; path = LaunchScreen.storyboard; sourceTree = "<group>"; };
		A4802C361D8ACB320032AF25 /* TableViewController.swift */ = {isa = PBXFileReference; fileEncoding = 4; lastKnownFileType = sourcecode.swift; path = TableViewController.swift; sourceTree = "<group>"; };
		A4802C371D8ACB320032AF25 /* DetailsViewController.swift */ = {isa = PBXFileReference; fileEncoding = 4; lastKnownFileType = sourcecode.swift; path = DetailsViewController.swift; sourceTree = "<group>"; };
		A4802C401D8ACB7B0032AF25 /* Items.json */ = {isa = PBXFileReference; fileEncoding = 4; lastKnownFileType = text.json; path = Items.json; sourceTree = "<group>"; };
		A4802C411D8ACB7B0032AF25 /* Item1.json */ = {isa = PBXFileReference; fileEncoding = 4; lastKnownFileType = text.json; path = Item1.json; sourceTree = "<group>"; };
		A4802C421D8ACB7B0032AF25 /* Item2.json */ = {isa = PBXFileReference; fileEncoding = 4; lastKnownFileType = text.json; path = Item2.json; sourceTree = "<group>"; };
		A4802C431D8ACB7B0032AF25 /* Item3.json */ = {isa = PBXFileReference; fileEncoding = 4; lastKnownFileType = text.json; path = Item3.json; sourceTree = "<group>"; };
		A4802C441D8ACB7B0032AF25 /* Item4.json */ = {isa = PBXFileReference; fileEncoding = 4; lastKnownFileType = text.json; path = Item4.json; sourceTree = "<group>"; };
		A4802C451D8ACB7B0032AF25 /* Item5.json */ = {isa = PBXFileReference; fileEncoding = 4; lastKnownFileType = text.json; path = Item5.json; sourceTree = "<group>"; };
		A4802C4C1D8ACB840032AF25 /* ItemModel.swift */ = {isa = PBXFileReference; fileEncoding = 4; lastKnownFileType = sourcecode.swift; path = ItemModel.swift; sourceTree = "<group>"; };
		A4802C4D1D8ACB840032AF25 /* JSONParser.swift */ = {isa = PBXFileReference; fileEncoding = 4; lastKnownFileType = sourcecode.swift; path = JSONParser.swift; sourceTree = "<group>"; };
		A4802C4E1D8ACB840032AF25 /* NetworkingManager.swift */ = {isa = PBXFileReference; fileEncoding = 4; lastKnownFileType = sourcecode.swift; path = NetworkingManager.swift; sourceTree = "<group>"; };
		A4802C4F1D8ACB840032AF25 /* ItemDetailsModel.swift */ = {isa = PBXFileReference; fileEncoding = 4; lastKnownFileType = sourcecode.swift; path = ItemDetailsModel.swift; sourceTree = "<group>"; };
/* End PBXFileReference section */

/* Begin PBXFrameworksBuildPhase section */
		2C6320D12210848C0039A82E /* Frameworks */ = {
			isa = PBXFrameworksBuildPhase;
			buildActionMask = 2147483647;
			files = (
			);
			runOnlyForDeploymentPostprocessing = 0;
		};
		2C6320E722109A9F0039A82E /* Frameworks */ = {
			isa = PBXFrameworksBuildPhase;
			buildActionMask = 2147483647;
			files = (
			);
			runOnlyForDeploymentPostprocessing = 0;
		};
		A4802C181D8ACA5F0032AF25 /* Frameworks */ = {
			isa = PBXFrameworksBuildPhase;
			buildActionMask = 2147483647;
			files = (
			);
			runOnlyForDeploymentPostprocessing = 0;
		};
/* End PBXFrameworksBuildPhase section */

/* Begin PBXGroup section */
		2C154EBE220DA54D0054D26C /* Supporting Files */ = {
			isa = PBXGroup;
			children = (
				A4802C2A1D8ACA5F0032AF25 /* Info.plist */,
				A4802C321D8ACB320032AF25 /* AppDelegate.swift */,
				A4802C341D8ACB320032AF25 /* Assets.xcassets */,
				A4802C351D8ACB320032AF25 /* LaunchScreen.storyboard */,
			);
			name = "Supporting Files";
			sourceTree = "<group>";
		};
		2C6320D52210848C0039A82E /* Recruitment-iOSTests */ = {
			isa = PBXGroup;
			children = (
				2C6320DE221084F00039A82E /* ItemModelTest.swift */,
				2C6320E022108CCB0039A82E /* ItemDetailsModelTest.swift */,
				2C6320E222108DD20039A82E /* NetworkingManagerTest.swift */,
				2C6320FB2210C2D60039A82E /* SpyNetworkingManagerDelegate.swift */,
				2C6320D82210848C0039A82E /* Info.plist */,
			);
			path = "Recruitment-iOSTests";
			sourceTree = "<group>";
		};
		2C6320EB22109A9F0039A82E /* Recruitment-iOSUITests */ = {
			isa = PBXGroup;
			children = (
				2C6320E4221098660039A82E /* TableViewControllerTest.swift */,
				2C6320F52210A2500039A82E /* CollectionViewControllerTest.swift */,
				2C6320EE22109A9F0039A82E /* Info.plist */,
			);
			path = "Recruitment-iOSUITests";
			sourceTree = "<group>";
		};
		A4802C121D8ACA5F0032AF25 = {
			isa = PBXGroup;
			children = (
				A4802C1D1D8ACA5F0032AF25 /* Recruitment-iOS */,
				2C6320D52210848C0039A82E /* Recruitment-iOSTests */,
				2C6320EB22109A9F0039A82E /* Recruitment-iOSUITests */,
				A4802C1C1D8ACA5F0032AF25 /* Products */,
			);
			sourceTree = "<group>";
		};
		A4802C1C1D8ACA5F0032AF25 /* Products */ = {
			isa = PBXGroup;
			children = (
				A4802C1B1D8ACA5F0032AF25 /* Recruitment-iOS.app */,
				2C6320D42210848C0039A82E /* Recruitment-iOSTests.xctest */,
				2C6320EA22109A9F0039A82E /* Recruitment-iOSUITests.xctest */,
			);
			name = Products;
			sourceTree = "<group>";
		};
		A4802C1D1D8ACA5F0032AF25 /* Recruitment-iOS */ = {
			isa = PBXGroup;
			children = (
				2C154EBC220DA3D40054D26C /* Logger.swift */,
				A4802C3E1D8ACB6E0032AF25 /* Networking */,
				A4802C361D8ACB320032AF25 /* TableViewController.swift */,
				A4802C371D8ACB320032AF25 /* DetailsViewController.swift */,
				2C6320CC221043230039A82E /* CollectionViewController.swift */,
				2C6320CE22104A160039A82E /* CollectionViewCell.swift */,
				A4802C331D8ACB320032AF25 /* Main.storyboard */,
				2C154EBE220DA54D0054D26C /* Supporting Files */,
			);
			path = "Recruitment-iOS";
			sourceTree = "<group>";
		};
		A4802C3E1D8ACB6E0032AF25 /* Networking */ = {
			isa = PBXGroup;
			children = (
				A4802C3F1D8ACB740032AF25 /* JSON */,
				A4802C4D1D8ACB840032AF25 /* JSONParser.swift */,
				A4802C4E1D8ACB840032AF25 /* NetworkingManager.swift */,
				A4802C4C1D8ACB840032AF25 /* ItemModel.swift */,
				A4802C4F1D8ACB840032AF25 /* ItemDetailsModel.swift */,
			);
			name = Networking;
			sourceTree = "<group>";
		};
		A4802C3F1D8ACB740032AF25 /* JSON */ = {
			isa = PBXGroup;
			children = (
				A4802C401D8ACB7B0032AF25 /* Items.json */,
				A4802C411D8ACB7B0032AF25 /* Item1.json */,
				A4802C421D8ACB7B0032AF25 /* Item2.json */,
				A4802C431D8ACB7B0032AF25 /* Item3.json */,
				A4802C441D8ACB7B0032AF25 /* Item4.json */,
				A4802C451D8ACB7B0032AF25 /* Item5.json */,
			);
			name = JSON;
			sourceTree = "<group>";
		};
/* End PBXGroup section */

/* Begin PBXNativeTarget section */
		2C6320D32210848C0039A82E /* Recruitment-iOSTests */ = {
			isa = PBXNativeTarget;
			buildConfigurationList = 2C6320DB2210848C0039A82E /* Build configuration list for PBXNativeTarget "Recruitment-iOSTests" */;
			buildPhases = (
				2C6320D02210848C0039A82E /* Sources */,
				2C6320D12210848C0039A82E /* Frameworks */,
				2C6320D22210848C0039A82E /* Resources */,
			);
			buildRules = (
			);
			dependencies = (
				2C6320DA2210848C0039A82E /* PBXTargetDependency */,
			);
			name = "Recruitment-iOSTests";
			productName = "Recruitment-iOSTests";
			productReference = 2C6320D42210848C0039A82E /* Recruitment-iOSTests.xctest */;
			productType = "com.apple.product-type.bundle.unit-test";
		};
		2C6320E922109A9F0039A82E /* Recruitment-iOSUITests */ = {
			isa = PBXNativeTarget;
			buildConfigurationList = 2C6320F122109A9F0039A82E /* Build configuration list for PBXNativeTarget "Recruitment-iOSUITests" */;
			buildPhases = (
				2C6320E622109A9F0039A82E /* Sources */,
				2C6320E722109A9F0039A82E /* Frameworks */,
				2C6320E822109A9F0039A82E /* Resources */,
			);
			buildRules = (
			);
			dependencies = (
				2C6320F022109A9F0039A82E /* PBXTargetDependency */,
			);
			name = "Recruitment-iOSUITests";
			productName = "Recruitment-iOSUITests";
			productReference = 2C6320EA22109A9F0039A82E /* Recruitment-iOSUITests.xctest */;
			productType = "com.apple.product-type.bundle.ui-testing";
		};
		A4802C1A1D8ACA5F0032AF25 /* Recruitment-iOS */ = {
			isa = PBXNativeTarget;
			buildConfigurationList = A4802C2D1D8ACA5F0032AF25 /* Build configuration list for PBXNativeTarget "Recruitment-iOS" */;
			buildPhases = (
				A4802C171D8ACA5F0032AF25 /* Sources */,
				A4802C181D8ACA5F0032AF25 /* Frameworks */,
				A4802C191D8ACA5F0032AF25 /* Resources */,
				2C6320CB220EEF5C0039A82E /* ShellScript */,
			);
			buildRules = (
			);
			dependencies = (
			);
			name = "Recruitment-iOS";
			productName = "Recruitment-iOS";
			productReference = A4802C1B1D8ACA5F0032AF25 /* Recruitment-iOS.app */;
			productType = "com.apple.product-type.application";
		};
/* End PBXNativeTarget section */

/* Begin PBXProject section */
		A4802C131D8ACA5F0032AF25 /* Project object */ = {
			isa = PBXProject;
			attributes = {
				LastSwiftUpdateCheck = 1010;
				LastUpgradeCheck = 1010;
				ORGANIZATIONNAME = "Untitled Kingdom";
				TargetAttributes = {
					2C6320D32210848C0039A82E = {
						CreatedOnToolsVersion = 10.1;
						ProvisioningStyle = Automatic;
						TestTargetID = A4802C1A1D8ACA5F0032AF25;
					};
					2C6320E922109A9F0039A82E = {
						CreatedOnToolsVersion = 10.1;
						ProvisioningStyle = Automatic;
						TestTargetID = A4802C1A1D8ACA5F0032AF25;
					};
					A4802C1A1D8ACA5F0032AF25 = {
						CreatedOnToolsVersion = 7.3.1;
						LastSwiftMigration = 0920;
					};
				};
			};
			buildConfigurationList = A4802C161D8ACA5F0032AF25 /* Build configuration list for PBXProject "Recruitment-iOS" */;
			compatibilityVersion = "Xcode 3.2";
			developmentRegion = English;
			hasScannedForEncodings = 0;
			knownRegions = (
				en,
				Base,
			);
			mainGroup = A4802C121D8ACA5F0032AF25;
			productRefGroup = A4802C1C1D8ACA5F0032AF25 /* Products */;
			projectDirPath = "";
			projectRoot = "";
			targets = (
				A4802C1A1D8ACA5F0032AF25 /* Recruitment-iOS */,
				2C6320D32210848C0039A82E /* Recruitment-iOSTests */,
				2C6320E922109A9F0039A82E /* Recruitment-iOSUITests */,
			);
		};
/* End PBXProject section */

/* Begin PBXResourcesBuildPhase section */
		2C6320D22210848C0039A82E /* Resources */ = {
			isa = PBXResourcesBuildPhase;
			buildActionMask = 2147483647;
			files = (
			);
			runOnlyForDeploymentPostprocessing = 0;
		};
		2C6320E822109A9F0039A82E /* Resources */ = {
			isa = PBXResourcesBuildPhase;
			buildActionMask = 2147483647;
			files = (
			);
			runOnlyForDeploymentPostprocessing = 0;
		};
		A4802C191D8ACA5F0032AF25 /* Resources */ = {
			isa = PBXResourcesBuildPhase;
			buildActionMask = 2147483647;
			files = (
				A4802C471D8ACB7B0032AF25 /* Item1.json in Resources */,
				A4802C461D8ACB7B0032AF25 /* Items.json in Resources */,
				A4802C491D8ACB7B0032AF25 /* Item3.json in Resources */,
				A4802C3B1D8ACB320032AF25 /* LaunchScreen.storyboard in Resources */,
				A4802C481D8ACB7B0032AF25 /* Item2.json in Resources */,
				A4802C4A1D8ACB7B0032AF25 /* Item4.json in Resources */,
				A4802C4B1D8ACB7B0032AF25 /* Item5.json in Resources */,
				A4802C3A1D8ACB320032AF25 /* Assets.xcassets in Resources */,
				A4802C391D8ACB320032AF25 /* Main.storyboard in Resources */,
			);
			runOnlyForDeploymentPostprocessing = 0;
		};
/* End PBXResourcesBuildPhase section */

/* Begin PBXShellScriptBuildPhase section */
		2C6320CB220EEF5C0039A82E /* ShellScript */ = {
			isa = PBXShellScriptBuildPhase;
			buildActionMask = 2147483647;
			files = (
			);
			inputFileListPaths = (
			);
			inputPaths = (
			);
			outputFileListPaths = (
			);
			outputPaths = (
			);
			runOnlyForDeploymentPostprocessing = 0;
			shellPath = /bin/sh;
			shellScript = "if which swiftlint >/dev/null; then\nswiftlint\nelse\necho \"warning: SwiftLint not installed, download from https://github.com/realm/SwiftLint\"\nfi\n";
		};
/* End PBXShellScriptBuildPhase section */

/* Begin PBXSourcesBuildPhase section */
		2C6320D02210848C0039A82E /* Sources */ = {
			isa = PBXSourcesBuildPhase;
			buildActionMask = 2147483647;
			files = (
				2C6320E322108DD20039A82E /* NetworkingManagerTest.swift in Sources */,
				2C6320DF221084F00039A82E /* ItemModelTest.swift in Sources */,
				2C6320E122108CCB0039A82E /* ItemDetailsModelTest.swift in Sources */,
				2C6320FE2210C3350039A82E /* SpyNetworkingManagerDelegate.swift in Sources */,
			);
			runOnlyForDeploymentPostprocessing = 0;
		};
		2C6320E622109A9F0039A82E /* Sources */ = {
			isa = PBXSourcesBuildPhase;
			buildActionMask = 2147483647;
			files = (
				2C6320F62210A2500039A82E /* CollectionViewControllerTest.swift in Sources */,
				2C6320F422109AA70039A82E /* TableViewControllerTest.swift in Sources */,
			);
			runOnlyForDeploymentPostprocessing = 0;
		};
		A4802C171D8ACA5F0032AF25 /* Sources */ = {
			isa = PBXSourcesBuildPhase;
			buildActionMask = 2147483647;
			files = (
				2C6320CF22104A160039A82E /* CollectionViewCell.swift in Sources */,
				2C6320CD221043230039A82E /* CollectionViewController.swift in Sources */,
				A4802C381D8ACB320032AF25 /* AppDelegate.swift in Sources */,
				A4802C511D8ACB840032AF25 /* JSONParser.swift in Sources */,
				A4802C3C1D8ACB320032AF25 /* TableViewController.swift in Sources */,
				2C154EBD220DA3D40054D26C /* Logger.swift in Sources */,
				A4802C521D8ACB840032AF25 /* NetworkingManager.swift in Sources */,
				A4802C531D8ACB840032AF25 /* ItemDetailsModel.swift in Sources */,
				A4802C501D8ACB840032AF25 /* ItemModel.swift in Sources */,
				A4802C3D1D8ACB320032AF25 /* DetailsViewController.swift in Sources */,
			);
			runOnlyForDeploymentPostprocessing = 0;
		};
/* End PBXSourcesBuildPhase section */

/* Begin PBXTargetDependency section */
		2C6320DA2210848C0039A82E /* PBXTargetDependency */ = {
			isa = PBXTargetDependency;
			target = A4802C1A1D8ACA5F0032AF25 /* Recruitment-iOS */;
			targetProxy = 2C6320D92210848C0039A82E /* PBXContainerItemProxy */;
		};
		2C6320F022109A9F0039A82E /* PBXTargetDependency */ = {
			isa = PBXTargetDependency;
			target = A4802C1A1D8ACA5F0032AF25 /* Recruitment-iOS */;
			targetProxy = 2C6320EF22109A9F0039A82E /* PBXContainerItemProxy */;
		};
/* End PBXTargetDependency section */

/* Begin XCBuildConfiguration section */
		2C6320DC2210848C0039A82E /* Debug */ = {
			isa = XCBuildConfiguration;
			buildSettings = {
				BUNDLE_LOADER = "$(TEST_HOST)";
				CLANG_ANALYZER_NUMBER_OBJECT_CONVERSION = YES_AGGRESSIVE;
				CLANG_CXX_LANGUAGE_STANDARD = "gnu++14";
				CLANG_ENABLE_OBJC_WEAK = YES;
				CLANG_WARN_DOCUMENTATION_COMMENTS = YES;
				CLANG_WARN_UNGUARDED_AVAILABILITY = YES_AGGRESSIVE;
				CODE_SIGN_IDENTITY = "iPhone Developer";
				CODE_SIGN_STYLE = Automatic;
				GCC_C_LANGUAGE_STANDARD = gnu11;
				INFOPLIST_FILE = "Recruitment-iOSTests/Info.plist";
				IPHONEOS_DEPLOYMENT_TARGET = 12.1;
				LD_RUNPATH_SEARCH_PATHS = "$(inherited) @executable_path/Frameworks @loader_path/Frameworks";
				MTL_ENABLE_DEBUG_INFO = INCLUDE_SOURCE;
				MTL_FAST_MATH = YES;
				PRODUCT_BUNDLE_IDENTIFIER = "kniestroj.Recruitment-iOSTests";
				PRODUCT_NAME = "$(TARGET_NAME)";
				SWIFT_ACTIVE_COMPILATION_CONDITIONS = DEBUG;
				SWIFT_VERSION = 4.2;
				TARGETED_DEVICE_FAMILY = "1,2";
				TEST_HOST = "$(BUILT_PRODUCTS_DIR)/Recruitment-iOS.app/Recruitment-iOS";
			};
			name = Debug;
		};
		2C6320DD2210848C0039A82E /* Release */ = {
			isa = XCBuildConfiguration;
			buildSettings = {
				BUNDLE_LOADER = "$(TEST_HOST)";
				CLANG_ANALYZER_NUMBER_OBJECT_CONVERSION = YES_AGGRESSIVE;
				CLANG_CXX_LANGUAGE_STANDARD = "gnu++14";
				CLANG_ENABLE_OBJC_WEAK = YES;
				CLANG_WARN_DOCUMENTATION_COMMENTS = YES;
				CLANG_WARN_UNGUARDED_AVAILABILITY = YES_AGGRESSIVE;
				CODE_SIGN_IDENTITY = "iPhone Developer";
				CODE_SIGN_STYLE = Automatic;
				GCC_C_LANGUAGE_STANDARD = gnu11;
				INFOPLIST_FILE = "Recruitment-iOSTests/Info.plist";
				IPHONEOS_DEPLOYMENT_TARGET = 12.1;
				LD_RUNPATH_SEARCH_PATHS = "$(inherited) @executable_path/Frameworks @loader_path/Frameworks";
				MTL_FAST_MATH = YES;
				PRODUCT_BUNDLE_IDENTIFIER = "kniestroj.Recruitment-iOSTests";
				PRODUCT_NAME = "$(TARGET_NAME)";
				SWIFT_VERSION = 4.2;
				TARGETED_DEVICE_FAMILY = "1,2";
				TEST_HOST = "$(BUILT_PRODUCTS_DIR)/Recruitment-iOS.app/Recruitment-iOS";
			};
			name = Release;
		};
		2C6320F222109A9F0039A82E /* Debug */ = {
			isa = XCBuildConfiguration;
			buildSettings = {
				CLANG_ANALYZER_NUMBER_OBJECT_CONVERSION = YES_AGGRESSIVE;
				CLANG_CXX_LANGUAGE_STANDARD = "gnu++14";
				CLANG_ENABLE_OBJC_WEAK = YES;
				CLANG_WARN_DOCUMENTATION_COMMENTS = YES;
				CLANG_WARN_UNGUARDED_AVAILABILITY = YES_AGGRESSIVE;
				CODE_SIGN_IDENTITY = "iPhone Developer";
				CODE_SIGN_STYLE = Automatic;
				GCC_C_LANGUAGE_STANDARD = gnu11;
				INFOPLIST_FILE = "Recruitment-iOSUITests/Info.plist";
				IPHONEOS_DEPLOYMENT_TARGET = 12.1;
				LD_RUNPATH_SEARCH_PATHS = "$(inherited) @executable_path/Frameworks @loader_path/Frameworks";
				MTL_ENABLE_DEBUG_INFO = INCLUDE_SOURCE;
				MTL_FAST_MATH = YES;
				PRODUCT_BUNDLE_IDENTIFIER = "kniestroj.Recruitment-iOSUITests";
				PRODUCT_NAME = "$(TARGET_NAME)";
				PROVISIONING_PROFILE = "";
				SWIFT_ACTIVE_COMPILATION_CONDITIONS = DEBUG;
				SWIFT_VERSION = 4.2;
				TARGETED_DEVICE_FAMILY = "1,2";
				TEST_TARGET_NAME = "Recruitment-iOS";
			};
			name = Debug;
		};
		2C6320F322109A9F0039A82E /* Release */ = {
			isa = XCBuildConfiguration;
			buildSettings = {
				CLANG_ANALYZER_NUMBER_OBJECT_CONVERSION = YES_AGGRESSIVE;
				CLANG_CXX_LANGUAGE_STANDARD = "gnu++14";
				CLANG_ENABLE_OBJC_WEAK = YES;
				CLANG_WARN_DOCUMENTATION_COMMENTS = YES;
				CLANG_WARN_UNGUARDED_AVAILABILITY = YES_AGGRESSIVE;
				CODE_SIGN_IDENTITY = "iPhone Developer";
				CODE_SIGN_STYLE = Automatic;
				GCC_C_LANGUAGE_STANDARD = gnu11;
				INFOPLIST_FILE = "Recruitment-iOSUITests/Info.plist";
				IPHONEOS_DEPLOYMENT_TARGET = 12.1;
				LD_RUNPATH_SEARCH_PATHS = "$(inherited) @executable_path/Frameworks @loader_path/Frameworks";
				MTL_FAST_MATH = YES;
				PRODUCT_BUNDLE_IDENTIFIER = "kniestroj.Recruitment-iOSUITests";
				PRODUCT_NAME = "$(TARGET_NAME)";
				PROVISIONING_PROFILE = "";
				SWIFT_VERSION = 4.2;
				TARGETED_DEVICE_FAMILY = "1,2";
				TEST_TARGET_NAME = "Recruitment-iOS";
			};
			name = Release;
		};
		A4802C2B1D8ACA5F0032AF25 /* Debug */ = {
			isa = XCBuildConfiguration;
			buildSettings = {
				ALWAYS_SEARCH_USER_PATHS = NO;
				CLANG_ANALYZER_NONNULL = YES;
				CLANG_CXX_LANGUAGE_STANDARD = "gnu++0x";
				CLANG_CXX_LIBRARY = "libc++";
				CLANG_ENABLE_MODULES = YES;
				CLANG_ENABLE_OBJC_ARC = YES;
				CLANG_WARN_BLOCK_CAPTURE_AUTORELEASING = YES;
				CLANG_WARN_BOOL_CONVERSION = YES;
				CLANG_WARN_COMMA = YES;
				CLANG_WARN_CONSTANT_CONVERSION = YES;
				CLANG_WARN_DEPRECATED_OBJC_IMPLEMENTATIONS = YES;
				CLANG_WARN_DIRECT_OBJC_ISA_USAGE = YES_ERROR;
				CLANG_WARN_EMPTY_BODY = YES;
				CLANG_WARN_ENUM_CONVERSION = YES;
				CLANG_WARN_INFINITE_RECURSION = YES;
				CLANG_WARN_INT_CONVERSION = YES;
				CLANG_WARN_NON_LITERAL_NULL_CONVERSION = YES;
				CLANG_WARN_OBJC_IMPLICIT_RETAIN_SELF = YES;
				CLANG_WARN_OBJC_LITERAL_CONVERSION = YES;
				CLANG_WARN_OBJC_ROOT_CLASS = YES_ERROR;
				CLANG_WARN_RANGE_LOOP_ANALYSIS = YES;
				CLANG_WARN_STRICT_PROTOTYPES = YES;
				CLANG_WARN_SUSPICIOUS_MOVE = YES;
				CLANG_WARN_UNREACHABLE_CODE = YES;
				CLANG_WARN__DUPLICATE_METHOD_MATCH = YES;
				"CODE_SIGN_IDENTITY[sdk=iphoneos*]" = "iPhone Developer";
				COPY_PHASE_STRIP = NO;
				DEBUG_INFORMATION_FORMAT = dwarf;
				ENABLE_STRICT_OBJC_MSGSEND = YES;
				ENABLE_TESTABILITY = YES;
				GCC_C_LANGUAGE_STANDARD = gnu99;
				GCC_DYNAMIC_NO_PIC = NO;
				GCC_NO_COMMON_BLOCKS = YES;
				GCC_OPTIMIZATION_LEVEL = 0;
				GCC_PREPROCESSOR_DEFINITIONS = (
					"DEBUG=1",
					"$(inherited)",
				);
				GCC_WARN_64_TO_32_BIT_CONVERSION = YES;
				GCC_WARN_ABOUT_RETURN_TYPE = YES_ERROR;
				GCC_WARN_UNDECLARED_SELECTOR = YES;
				GCC_WARN_UNINITIALIZED_AUTOS = YES_AGGRESSIVE;
				GCC_WARN_UNUSED_FUNCTION = YES;
				GCC_WARN_UNUSED_VARIABLE = YES;
				IPHONEOS_DEPLOYMENT_TARGET = 9.3;
				MTL_ENABLE_DEBUG_INFO = YES;
				ONLY_ACTIVE_ARCH = YES;
				SDKROOT = iphoneos;
				SWIFT_OPTIMIZATION_LEVEL = "-Onone";
			};
			name = Debug;
		};
		A4802C2C1D8ACA5F0032AF25 /* Release */ = {
			isa = XCBuildConfiguration;
			buildSettings = {
				ALWAYS_SEARCH_USER_PATHS = NO;
				CLANG_ANALYZER_NONNULL = YES;
				CLANG_CXX_LANGUAGE_STANDARD = "gnu++0x";
				CLANG_CXX_LIBRARY = "libc++";
				CLANG_ENABLE_MODULES = YES;
				CLANG_ENABLE_OBJC_ARC = YES;
				CLANG_WARN_BLOCK_CAPTURE_AUTORELEASING = YES;
				CLANG_WARN_BOOL_CONVERSION = YES;
				CLANG_WARN_COMMA = YES;
				CLANG_WARN_CONSTANT_CONVERSION = YES;
				CLANG_WARN_DEPRECATED_OBJC_IMPLEMENTATIONS = YES;
				CLANG_WARN_DIRECT_OBJC_ISA_USAGE = YES_ERROR;
				CLANG_WARN_EMPTY_BODY = YES;
				CLANG_WARN_ENUM_CONVERSION = YES;
				CLANG_WARN_INFINITE_RECURSION = YES;
				CLANG_WARN_INT_CONVERSION = YES;
				CLANG_WARN_NON_LITERAL_NULL_CONVERSION = YES;
				CLANG_WARN_OBJC_IMPLICIT_RETAIN_SELF = YES;
				CLANG_WARN_OBJC_LITERAL_CONVERSION = YES;
				CLANG_WARN_OBJC_ROOT_CLASS = YES_ERROR;
				CLANG_WARN_RANGE_LOOP_ANALYSIS = YES;
				CLANG_WARN_STRICT_PROTOTYPES = YES;
				CLANG_WARN_SUSPICIOUS_MOVE = YES;
				CLANG_WARN_UNREACHABLE_CODE = YES;
				CLANG_WARN__DUPLICATE_METHOD_MATCH = YES;
				"CODE_SIGN_IDENTITY[sdk=iphoneos*]" = "iPhone Developer";
				COPY_PHASE_STRIP = NO;
				DEBUG_INFORMATION_FORMAT = "dwarf-with-dsym";
				ENABLE_NS_ASSERTIONS = NO;
				ENABLE_STRICT_OBJC_MSGSEND = YES;
				GCC_C_LANGUAGE_STANDARD = gnu99;
				GCC_NO_COMMON_BLOCKS = YES;
				GCC_WARN_64_TO_32_BIT_CONVERSION = YES;
				GCC_WARN_ABOUT_RETURN_TYPE = YES_ERROR;
				GCC_WARN_UNDECLARED_SELECTOR = YES;
				GCC_WARN_UNINITIALIZED_AUTOS = YES_AGGRESSIVE;
				GCC_WARN_UNUSED_FUNCTION = YES;
				GCC_WARN_UNUSED_VARIABLE = YES;
				IPHONEOS_DEPLOYMENT_TARGET = 9.3;
				MTL_ENABLE_DEBUG_INFO = NO;
				SDKROOT = iphoneos;
				SWIFT_OPTIMIZATION_LEVEL = "-Owholemodule";
				VALIDATE_PRODUCT = YES;
			};
			name = Release;
		};
		A4802C2E1D8ACA5F0032AF25 /* Debug */ = {
			isa = XCBuildConfiguration;
			buildSettings = {
				ASSETCATALOG_COMPILER_APPICON_NAME = AppIcon;
				CLANG_ENABLE_MODULES = YES;
				INFOPLIST_FILE = "Recruitment-iOS/Info.plist";
				LD_RUNPATH_SEARCH_PATHS = "$(inherited) @executable_path/Frameworks";
				PRODUCT_BUNDLE_IDENTIFIER = "co.untitledkingdom.Recruitment-iOS";
				PRODUCT_NAME = "$(TARGET_NAME)";
				SWIFT_OPTIMIZATION_LEVEL = "-Onone";
				SWIFT_SWIFT3_OBJC_INFERENCE = Default;
				SWIFT_VERSION = 4.0;
			};
			name = Debug;
		};
		A4802C2F1D8ACA5F0032AF25 /* Release */ = {
			isa = XCBuildConfiguration;
			buildSettings = {
				ASSETCATALOG_COMPILER_APPICON_NAME = AppIcon;
				CLANG_ENABLE_MODULES = YES;
				INFOPLIST_FILE = "Recruitment-iOS/Info.plist";
				LD_RUNPATH_SEARCH_PATHS = "$(inherited) @executable_path/Frameworks";
				PRODUCT_BUNDLE_IDENTIFIER = "co.untitledkingdom.Recruitment-iOS";
				PRODUCT_NAME = "$(TARGET_NAME)";
				SWIFT_SWIFT3_OBJC_INFERENCE = Default;
				SWIFT_VERSION = 4.0;
			};
			name = Release;
		};
/* End XCBuildConfiguration section */

/* Begin XCConfigurationList section */
		2C6320DB2210848C0039A82E /* Build configuration list for PBXNativeTarget "Recruitment-iOSTests" */ = {
			isa = XCConfigurationList;
			buildConfigurations = (
				2C6320DC2210848C0039A82E /* Debug */,
				2C6320DD2210848C0039A82E /* Release */,
			);
			defaultConfigurationIsVisible = 0;
			defaultConfigurationName = Release;
		};
		2C6320F122109A9F0039A82E /* Build configuration list for PBXNativeTarget "Recruitment-iOSUITests" */ = {
			isa = XCConfigurationList;
			buildConfigurations = (
				2C6320F222109A9F0039A82E /* Debug */,
				2C6320F322109A9F0039A82E /* Release */,
			);
			defaultConfigurationIsVisible = 0;
			defaultConfigurationName = Release;
		};
		A4802C161D8ACA5F0032AF25 /* Build configuration list for PBXProject "Recruitment-iOS" */ = {
			isa = XCConfigurationList;
			buildConfigurations = (
				A4802C2B1D8ACA5F0032AF25 /* Debug */,
				A4802C2C1D8ACA5F0032AF25 /* Release */,
			);
			defaultConfigurationIsVisible = 0;
			defaultConfigurationName = Release;
		};
		A4802C2D1D8ACA5F0032AF25 /* Build configuration list for PBXNativeTarget "Recruitment-iOS" */ = {
			isa = XCConfigurationList;
			buildConfigurations = (
				A4802C2E1D8ACA5F0032AF25 /* Debug */,
				A4802C2F1D8ACA5F0032AF25 /* Release */,
			);
			defaultConfigurationIsVisible = 0;
			defaultConfigurationName = Release;
		};
/* End XCConfigurationList section */
	};
	rootObject = A4802C131D8ACA5F0032AF25 /* Project object */;
}
